
Microsoft Visual Studio Solution File, Format Version 12.00
# Visual Studio Version 16
VisualStudioVersion = 16.0.29911.84
MinimumVisualStudioVersion = 10.0.40219.1
Project("{FAE04EC0-301F-11D3-BF4B-00C04F79EFBC}") = "MentorBilling", "MentorBilling.csproj", "{B8950EFD-E237-4DD4-9C1B-5B97B3B49B01}"
EndProject
Global
	GlobalSection(SolutionConfigurationPlatforms) = preSolution
		Debug|Any CPU = Debug|Any CPU
		Release|Any CPU = Release|Any CPU
	EndGlobalSection
	GlobalSection(ProjectConfigurationPlatforms) = postSolution
		{B8950EFD-E237-4DD4-9C1B-5B97B3B49B01}.Debug|Any CPU.ActiveCfg = Debug|Any CPU
		{B8950EFD-E237-4DD4-9C1B-5B97B3B49B01}.Debug|Any CPU.Build.0 = Debug|Any CPU
		{B8950EFD-E237-4DD4-9C1B-5B97B3B49B01}.Release|Any CPU.ActiveCfg = Release|Any CPU
		{B8950EFD-E237-4DD4-9C1B-5B97B3B49B01}.Release|Any CPU.Build.0 = Release|Any CPU
	EndGlobalSection
	GlobalSection(SolutionProperties) = preSolution
		HideSolutionNode = FALSE
	EndGlobalSection
	GlobalSection(ExtensibilityGlobals) = postSolution
		SolutionGuid = {4C505E9D-CBBD-47D9-AADE-4C71BB7F88D8}
	EndGlobalSection
EndGlobal
